
Microsoft Visual Studio Solution File, Format Version 12.00
# Visual Studio Version 17
VisualStudioVersion = 17.4.33213.308
MinimumVisualStudioVersion = 10.0.40219.1
Project("{FAE04EC0-301F-11D3-BF4B-00C04F79EFBC}") = "Interpreter", "Interpreter\Interpreter.csproj", "{3AA8ED2D-66DA-4B72-A76E-668FE634EE8C}"
EndProject
Global
	GlobalSection(SolutionConfigurationPlatforms) = preSolution
		Debug|Any CPU = Debug|Any CPU
		Release|Any CPU = Release|Any CPU
	EndGlobalSection
	GlobalSection(ProjectConfigurationPlatforms) = postSolution
		{3AA8ED2D-66DA-4B72-A76E-668FE634EE8C}.Debug|Any CPU.ActiveCfg = Debug|Any CPU
		{3AA8ED2D-66DA-4B72-A76E-668FE634EE8C}.Debug|Any CPU.Build.0 = Debug|Any CPU
		{3AA8ED2D-66DA-4B72-A76E-668FE634EE8C}.Release|Any CPU.ActiveCfg = Release|Any CPU
		{3AA8ED2D-66DA-4B72-A76E-668FE634EE8C}.Release|Any CPU.Build.0 = Release|Any CPU
	EndGlobalSection
	GlobalSection(SolutionProperties) = preSolution
		HideSolutionNode = FALSE
	EndGlobalSection
	GlobalSection(ExtensibilityGlobals) = postSolution
		SolutionGuid = {11BC50AD-199F-4D66-AEF6-FFE25B88643E}
	EndGlobalSection
EndGlobal
